
Microsoft Visual Studio Solution File, Format Version 12.00
# Visual Studio Version 16
VisualStudioVersion = 16.0.29318.209
MinimumVisualStudioVersion = 10.0.40219.1
Project("{FAE04EC0-301F-11D3-BF4B-00C04F79EFBC}") = "01 - Data Access Layer", "01 - Data Access Layer\01 - Data Access Layer.csproj", "{06E00DC6-CA4F-4567-8B13-AA2B80F66D6D}"
EndProject
Project("{FAE04EC0-301F-11D3-BF4B-00C04F79EFBC}") = "02 - Business Logic", "02 - Business Logic\02 - Business Logic.csproj", "{C1C4E669-06DF-4C24-B2BE-8BB35363C96C}"
EndProject
Project("{FAE04EC0-301F-11D3-BF4B-00C04F79EFBC}") = "03 - TheBigBark WebUI", "04 - TheBigBark WebUI\03 - TheBigBark WebUI.csproj", "{BACBC002-4382-4CA6-8B8F-2D899B9677A7}"
EndProject
Project("{2150E333-8FDC-42A3-9474-1A3956D46DE8}") = "Tests", "Tests", "{4E5B917A-E132-4A5C-8EEE-D39BDFA5A3BA}"
EndProject
Project("{FAE04EC0-301F-11D3-BF4B-00C04F79EFBC}") = "WebApplication4", "WebApplication4\WebApplication4.csproj", "{C94C3C82-C07F-4E02-830C-19CF71A2BBC6}"
EndProject
Project("{FAE04EC0-301F-11D3-BF4B-00C04F79EFBC}") = "WebApplication1", "WebApplication1\WebApplication1.csproj", "{40508F88-AE76-4864-9066-3467250F455E}"
EndProject
Project("{FAE04EC0-301F-11D3-BF4B-00C04F79EFBC}") = "03 - TheBigBark WebUICore", "03 - TheBigBark WebUICore\03 - TheBigBark WebUICore.csproj", "{BC2207D3-496C-4D84-842B-6F0E013DF212}"
EndProject
Global
	GlobalSection(SolutionConfigurationPlatforms) = preSolution
		Debug|Any CPU = Debug|Any CPU
		Release|Any CPU = Release|Any CPU
	EndGlobalSection
	GlobalSection(ProjectConfigurationPlatforms) = postSolution
		{06E00DC6-CA4F-4567-8B13-AA2B80F66D6D}.Debug|Any CPU.ActiveCfg = Debug|Any CPU
		{06E00DC6-CA4F-4567-8B13-AA2B80F66D6D}.Debug|Any CPU.Build.0 = Debug|Any CPU
		{06E00DC6-CA4F-4567-8B13-AA2B80F66D6D}.Release|Any CPU.ActiveCfg = Release|Any CPU
		{06E00DC6-CA4F-4567-8B13-AA2B80F66D6D}.Release|Any CPU.Build.0 = Release|Any CPU
		{C1C4E669-06DF-4C24-B2BE-8BB35363C96C}.Debug|Any CPU.ActiveCfg = Debug|Any CPU
		{C1C4E669-06DF-4C24-B2BE-8BB35363C96C}.Debug|Any CPU.Build.0 = Debug|Any CPU
		{C1C4E669-06DF-4C24-B2BE-8BB35363C96C}.Release|Any CPU.ActiveCfg = Release|Any CPU
		{C1C4E669-06DF-4C24-B2BE-8BB35363C96C}.Release|Any CPU.Build.0 = Release|Any CPU
		{BACBC002-4382-4CA6-8B8F-2D899B9677A7}.Debug|Any CPU.ActiveCfg = Debug|Any CPU
		{BACBC002-4382-4CA6-8B8F-2D899B9677A7}.Debug|Any CPU.Build.0 = Debug|Any CPU
		{BACBC002-4382-4CA6-8B8F-2D899B9677A7}.Release|Any CPU.ActiveCfg = Release|Any CPU
		{BACBC002-4382-4CA6-8B8F-2D899B9677A7}.Release|Any CPU.Build.0 = Release|Any CPU
		{C94C3C82-C07F-4E02-830C-19CF71A2BBC6}.Debug|Any CPU.ActiveCfg = Debug|Any CPU
		{C94C3C82-C07F-4E02-830C-19CF71A2BBC6}.Debug|Any CPU.Build.0 = Debug|Any CPU
		{C94C3C82-C07F-4E02-830C-19CF71A2BBC6}.Release|Any CPU.ActiveCfg = Release|Any CPU
		{C94C3C82-C07F-4E02-830C-19CF71A2BBC6}.Release|Any CPU.Build.0 = Release|Any CPU
		{40508F88-AE76-4864-9066-3467250F455E}.Debug|Any CPU.ActiveCfg = Debug|Any CPU
		{40508F88-AE76-4864-9066-3467250F455E}.Debug|Any CPU.Build.0 = Debug|Any CPU
		{40508F88-AE76-4864-9066-3467250F455E}.Release|Any CPU.ActiveCfg = Release|Any CPU
		{40508F88-AE76-4864-9066-3467250F455E}.Release|Any CPU.Build.0 = Release|Any CPU
		{BC2207D3-496C-4D84-842B-6F0E013DF212}.Debug|Any CPU.ActiveCfg = Debug|Any CPU
		{BC2207D3-496C-4D84-842B-6F0E013DF212}.Debug|Any CPU.Build.0 = Debug|Any CPU
		{BC2207D3-496C-4D84-842B-6F0E013DF212}.Release|Any CPU.ActiveCfg = Release|Any CPU
		{BC2207D3-496C-4D84-842B-6F0E013DF212}.Release|Any CPU.Build.0 = Release|Any CPU
	EndGlobalSection
	GlobalSection(SolutionProperties) = preSolution
		HideSolutionNode = FALSE
	EndGlobalSection
	GlobalSection(NestedProjects) = preSolution
		{C94C3C82-C07F-4E02-830C-19CF71A2BBC6} = {4E5B917A-E132-4A5C-8EEE-D39BDFA5A3BA}
		{40508F88-AE76-4864-9066-3467250F455E} = {4E5B917A-E132-4A5C-8EEE-D39BDFA5A3BA}
	EndGlobalSection
	GlobalSection(ExtensibilityGlobals) = postSolution
		SolutionGuid = {821F90FF-C14F-4736-9CCE-30F58E3D5CEA}
	EndGlobalSection
EndGlobal
